
Microsoft Visual Studio Solution File, Format Version 12.00
# Visual Studio 15
VisualStudioVersion = 15.0.28307.1525
MinimumVisualStudioVersion = 10.0.40219.1
Project("{FAE04EC0-301F-11D3-BF4B-00C04F79EFBC}") = "CoalPark", "CoalPark\CoalPark.csproj", "{D3EE2ED8-32A3-4402-9092-E9B0367183A0}"
EndProject
Project("{FAE04EC0-301F-11D3-BF4B-00C04F79EFBC}") = "BLL", "BLL\BLL.csproj", "{3B6CC07A-2634-405A-A1B5-E7817E909186}"
EndProject
Project("{FAE04EC0-301F-11D3-BF4B-00C04F79EFBC}") = "DAL", "DAL\DAL.csproj", "{DD786F1F-899D-4A9D-87BA-60BDEEA5F7B6}"
EndProject
Global
	GlobalSection(SolutionConfigurationPlatforms) = preSolution
		Debug|Any CPU = Debug|Any CPU
		Release|Any CPU = Release|Any CPU
	EndGlobalSection
	GlobalSection(ProjectConfigurationPlatforms) = postSolution
		{D3EE2ED8-32A3-4402-9092-E9B0367183A0}.Debug|Any CPU.ActiveCfg = Debug|Any CPU
		{D3EE2ED8-32A3-4402-9092-E9B0367183A0}.Debug|Any CPU.Build.0 = Debug|Any CPU
		{D3EE2ED8-32A3-4402-9092-E9B0367183A0}.Release|Any CPU.ActiveCfg = Release|Any CPU
		{D3EE2ED8-32A3-4402-9092-E9B0367183A0}.Release|Any CPU.Build.0 = Release|Any CPU
		{3B6CC07A-2634-405A-A1B5-E7817E909186}.Debug|Any CPU.ActiveCfg = Debug|Any CPU
		{3B6CC07A-2634-405A-A1B5-E7817E909186}.Debug|Any CPU.Build.0 = Debug|Any CPU
		{3B6CC07A-2634-405A-A1B5-E7817E909186}.Release|Any CPU.ActiveCfg = Release|Any CPU
		{3B6CC07A-2634-405A-A1B5-E7817E909186}.Release|Any CPU.Build.0 = Release|Any CPU
		{DD786F1F-899D-4A9D-87BA-60BDEEA5F7B6}.Debug|Any CPU.ActiveCfg = Debug|Any CPU
		{DD786F1F-899D-4A9D-87BA-60BDEEA5F7B6}.Debug|Any CPU.Build.0 = Debug|Any CPU
		{DD786F1F-899D-4A9D-87BA-60BDEEA5F7B6}.Release|Any CPU.ActiveCfg = Release|Any CPU
		{DD786F1F-899D-4A9D-87BA-60BDEEA5F7B6}.Release|Any CPU.Build.0 = Release|Any CPU
	EndGlobalSection
	GlobalSection(SolutionProperties) = preSolution
		HideSolutionNode = FALSE
	EndGlobalSection
	GlobalSection(ExtensibilityGlobals) = postSolution
		SolutionGuid = {C2A22745-AA87-4844-89B5-506AD0B617DC}
	EndGlobalSection
EndGlobal
